
Microsoft Visual Studio Solution File, Format Version 12.00
# Visual Studio Version 17
VisualStudioVersion = 17.2.32616.157
MinimumVisualStudioVersion = 10.0.40219.1
Project("{9A19103F-16F7-4668-BE54-9A1E7A4F7556}") = "CS_SimpleDataAccess", "CS_SimpleDataAccess\CS_SimpleDataAccess.csproj", "{F5D862C4-DE34-465A-88DD-118968318B93}"
EndProject
Project("{9A19103F-16F7-4668-BE54-9A1E7A4F7556}") = "CS_Sp", "CS_Sp\CS_Sp.csproj", "{2A74EABF-1D7D-48FF-8AA7-69A6F953B8A2}"
EndProject
Project("{9A19103F-16F7-4668-BE54-9A1E7A4F7556}") = "MARS_PRACTICE", "MARS_PRACTICE\MARS_PRACTICE.csproj", "{DAA0B88E-078E-4997-B25C-1569A06C0037}"
EndProject
Project("{9A19103F-16F7-4668-BE54-9A1E7A4F7556}") = "CS_Disconnected", "CS_Disconnected\CS_Disconnected.csproj", "{C0044716-3533-464C-9911-AB439ECCDDC8}"
EndProject
Project("{9A19103F-16F7-4668-BE54-9A1E7A4F7556}") = "CS_Dapper", "CS_Dapper\CS_Dapper.csproj", "{F54455BF-9E22-485C-B503-BE073CCABEAD}"
EndProject
Project("{9A19103F-16F7-4668-BE54-9A1E7A4F7556}") = "Code_First", "Code_First\Code_First.csproj", "{6144A34A-E9DD-4ACB-94A0-FE314E6BDBEF}"
EndProject
Project("{9A19103F-16F7-4668-BE54-9A1E7A4F7556}") = "Code_first_1", "Code_first_1\Code_first_1.csproj", "{C6B24B0F-F45C-4F4B-9051-12806FA1D3C0}"
EndProject
Project("{9A19103F-16F7-4668-BE54-9A1E7A4F7556}") = "TPH_Inheritence", "TPH\TPH_Inheritence.csproj", "{52A4C7F6-ED03-4E15-A892-69855DE57EDE}"
EndProject
Project("{9A19103F-16F7-4668-BE54-9A1E7A4F7556}") = "EF_Assignment", "EF_Assignment\EF_Assignment.csproj", "{9148F755-5B5A-4BA1-9F82-84965675000B}"
EndProject
Project("{FAE04EC0-301F-11D3-BF4B-00C04F79EFBC}") = "API", "API\API.csproj", "{E80AFCC8-C8F3-4463-BC71-34C5BF88B3F5}"
EndProject
Project("{FAE04EC0-301F-11D3-BF4B-00C04F79EFBC}") = "API_1", "API_1\API_1.csproj", "{A35B1BE5-B477-427A-9571-7031FF7B8F88}"
EndProject
Global
	GlobalSection(SolutionConfigurationPlatforms) = preSolution
		Debug|Any CPU = Debug|Any CPU
		Release|Any CPU = Release|Any CPU
	EndGlobalSection
	GlobalSection(ProjectConfigurationPlatforms) = postSolution
		{F5D862C4-DE34-465A-88DD-118968318B93}.Debug|Any CPU.ActiveCfg = Debug|Any CPU
		{F5D862C4-DE34-465A-88DD-118968318B93}.Debug|Any CPU.Build.0 = Debug|Any CPU
		{F5D862C4-DE34-465A-88DD-118968318B93}.Release|Any CPU.ActiveCfg = Release|Any CPU
		{F5D862C4-DE34-465A-88DD-118968318B93}.Release|Any CPU.Build.0 = Release|Any CPU
		{2A74EABF-1D7D-48FF-8AA7-69A6F953B8A2}.Debug|Any CPU.ActiveCfg = Debug|Any CPU
		{2A74EABF-1D7D-48FF-8AA7-69A6F953B8A2}.Debug|Any CPU.Build.0 = Debug|Any CPU
		{2A74EABF-1D7D-48FF-8AA7-69A6F953B8A2}.Release|Any CPU.ActiveCfg = Release|Any CPU
		{2A74EABF-1D7D-48FF-8AA7-69A6F953B8A2}.Release|Any CPU.Build.0 = Release|Any CPU
		{DAA0B88E-078E-4997-B25C-1569A06C0037}.Debug|Any CPU.ActiveCfg = Debug|Any CPU
		{DAA0B88E-078E-4997-B25C-1569A06C0037}.Debug|Any CPU.Build.0 = Debug|Any CPU
		{DAA0B88E-078E-4997-B25C-1569A06C0037}.Release|Any CPU.ActiveCfg = Release|Any CPU
		{DAA0B88E-078E-4997-B25C-1569A06C0037}.Release|Any CPU.Build.0 = Release|Any CPU
		{C0044716-3533-464C-9911-AB439ECCDDC8}.Debug|Any CPU.ActiveCfg = Debug|Any CPU
		{C0044716-3533-464C-9911-AB439ECCDDC8}.Debug|Any CPU.Build.0 = Debug|Any CPU
		{C0044716-3533-464C-9911-AB439ECCDDC8}.Release|Any CPU.ActiveCfg = Release|Any CPU
		{C0044716-3533-464C-9911-AB439ECCDDC8}.Release|Any CPU.Build.0 = Release|Any CPU
		{F54455BF-9E22-485C-B503-BE073CCABEAD}.Debug|Any CPU.ActiveCfg = Debug|Any CPU
		{F54455BF-9E22-485C-B503-BE073CCABEAD}.Debug|Any CPU.Build.0 = Debug|Any CPU
		{F54455BF-9E22-485C-B503-BE073CCABEAD}.Release|Any CPU.ActiveCfg = Release|Any CPU
		{F54455BF-9E22-485C-B503-BE073CCABEAD}.Release|Any CPU.Build.0 = Release|Any CPU
		{6144A34A-E9DD-4ACB-94A0-FE314E6BDBEF}.Debug|Any CPU.ActiveCfg = Debug|Any CPU
		{6144A34A-E9DD-4ACB-94A0-FE314E6BDBEF}.Debug|Any CPU.Build.0 = Debug|Any CPU
		{6144A34A-E9DD-4ACB-94A0-FE314E6BDBEF}.Release|Any CPU.ActiveCfg = Release|Any CPU
		{6144A34A-E9DD-4ACB-94A0-FE314E6BDBEF}.Release|Any CPU.Build.0 = Release|Any CPU
		{C6B24B0F-F45C-4F4B-9051-12806FA1D3C0}.Debug|Any CPU.ActiveCfg = Debug|Any CPU
		{C6B24B0F-F45C-4F4B-9051-12806FA1D3C0}.Debug|Any CPU.Build.0 = Debug|Any CPU
		{C6B24B0F-F45C-4F4B-9051-12806FA1D3C0}.Release|Any CPU.ActiveCfg = Release|Any CPU
		{C6B24B0F-F45C-4F4B-9051-12806FA1D3C0}.Release|Any CPU.Build.0 = Release|Any CPU
		{52A4C7F6-ED03-4E15-A892-69855DE57EDE}.Debug|Any CPU.ActiveCfg = Debug|Any CPU
		{52A4C7F6-ED03-4E15-A892-69855DE57EDE}.Debug|Any CPU.Build.0 = Debug|Any CPU
		{52A4C7F6-ED03-4E15-A892-69855DE57EDE}.Release|Any CPU.ActiveCfg = Release|Any CPU
		{52A4C7F6-ED03-4E15-A892-69855DE57EDE}.Release|Any CPU.Build.0 = Release|Any CPU
		{9148F755-5B5A-4BA1-9F82-84965675000B}.Debug|Any CPU.ActiveCfg = Debug|Any CPU
		{9148F755-5B5A-4BA1-9F82-84965675000B}.Debug|Any CPU.Build.0 = Debug|Any CPU
		{9148F755-5B5A-4BA1-9F82-84965675000B}.Release|Any CPU.ActiveCfg = Release|Any CPU
		{9148F755-5B5A-4BA1-9F82-84965675000B}.Release|Any CPU.Build.0 = Release|Any CPU
		{E80AFCC8-C8F3-4463-BC71-34C5BF88B3F5}.Debug|Any CPU.ActiveCfg = Debug|Any CPU
		{E80AFCC8-C8F3-4463-BC71-34C5BF88B3F5}.Debug|Any CPU.Build.0 = Debug|Any CPU
		{E80AFCC8-C8F3-4463-BC71-34C5BF88B3F5}.Release|Any CPU.ActiveCfg = Release|Any CPU
		{E80AFCC8-C8F3-4463-BC71-34C5BF88B3F5}.Release|Any CPU.Build.0 = Release|Any CPU
		{A35B1BE5-B477-427A-9571-7031FF7B8F88}.Debug|Any CPU.ActiveCfg = Debug|Any CPU
		{A35B1BE5-B477-427A-9571-7031FF7B8F88}.Debug|Any CPU.Build.0 = Debug|Any CPU
		{A35B1BE5-B477-427A-9571-7031FF7B8F88}.Release|Any CPU.ActiveCfg = Release|Any CPU
		{A35B1BE5-B477-427A-9571-7031FF7B8F88}.Release|Any CPU.Build.0 = Release|Any CPU
	EndGlobalSection
	GlobalSection(SolutionProperties) = preSolution
		HideSolutionNode = FALSE
	EndGlobalSection
	GlobalSection(ExtensibilityGlobals) = postSolution
		SolutionGuid = {1E6BF665-44E6-45C8-9ABC-6C375BFE3EA5}
	EndGlobalSection
EndGlobal
